# THIS IS AN AUTOGENERATED FILE. DO NOT EDIT THIS FILE DIRECTLY.
# yarn lockfile v1


axios@^0.18.0:
  version "0.18.1"
  resolved "https://registry.yarnpkg.com/axios/-/axios-0.18.1.tgz#ff3f0de2e7b5d180e757ad98000f1081b87bcea3"
  dependencies:
    follow-redirects "1.5.10"
    is-buffer "^2.0.2"

debug@=3.1.0:
  version "3.1.0"
  resolved "https://registry.yarnpkg.com/debug/-/debug-3.1.0.tgz#5bb5a0672628b64149566ba16819e61518c67261"
  dependencies:
    ms "2.0.0"

follow-redirects@1.5.10:
  version "1.5.10"
  resolved "https://registry.yarnpkg.com/follow-redirects/-/follow-redirects-1.5.10.tgz#7b7a9f9aea2fdff36786a94ff643ed07f4ff5e2a"
  dependencies:
    debug "=3.1.0"

is-buffer@^2.0.2:
  version "2.0.4"
  resolved "https://registry.yarnpkg.com/is-buffer/-/is-buffer-2.0.4.tgz#3e572f23c8411a5cfd9557c849e3665e0b290623"

kleur@^2.0.1:
  version "2.0.1"
  resolved "https://registry.yarnpkg.com/kleur/-/kleur-2.0.1.tgz#7cc64b0d188d0dcbc98bdcdfdda2cc10619ddce8"

minimist@^1.2.0:
  version "1.2.0"
  resolved "https://registry.yarnpkg.com/minimist/-/minimist-1.2.0.tgz#a35008b20f41383eec1fb914f4cd5df79a264284"

ms@2.0.0:
  version "2.0.0"
  resolved "https://registry.yarnpkg.com/ms/-/ms-2.0.0.tgz#5608aeadfc00be6c2901df5f9861788de0d597c8"

prompts@^0.1.14:
  version "0.1.14"
  resolved "https://registry.yarnpkg.com/prompts/-/prompts-0.1.14.tgz#a8e15c612c5c9ec8f8111847df3337c9cbd443b2"
  dependencies:
    kleur "^2.0.1"
    sisteransi "^0.1.1"

sisteransi@^0.1.1:
  version "0.1.1"
  resolved "https://registry.yarnpkg.com/sisteransi/-/sisteransi-0.1.1.tgz#5431447d5f7d1675aac667ccd0b865a4994cb3ce"
